
Microsoft Visual Studio Solution File, Format Version 12.00
# Visual Studio Version 17
VisualStudioVersion = 17.13.35931.197 d17.13
MinimumVisualStudioVersion = 10.0.40219.1
Project("{FAE04EC0-301F-11D3-BF4B-00C04F79EFBC}") = "BricKartOyunu", "BricKartOyunu.csproj", "{983D3138-4C4E-4EFB-BABE-026661C11489}"
EndProject
Global
	GlobalSection(SolutionConfigurationPlatforms) = preSolution
		Debug|Any CPU = Debug|Any CPU
		Release|Any CPU = Release|Any CPU
	EndGlobalSection
	GlobalSection(ProjectConfigurationPlatforms) = postSolution
		{983D3138-4C4E-4EFB-BABE-026661C11489}.Debug|Any CPU.ActiveCfg = Debug|Any CPU
		{983D3138-4C4E-4EFB-BABE-026661C11489}.Debug|Any CPU.Build.0 = Debug|Any CPU
		{983D3138-4C4E-4EFB-BABE-026661C11489}.Release|Any CPU.ActiveCfg = Release|Any CPU
		{983D3138-4C4E-4EFB-BABE-026661C11489}.Release|Any CPU.Build.0 = Release|Any CPU
	EndGlobalSection
	GlobalSection(SolutionProperties) = preSolution
		HideSolutionNode = FALSE
	EndGlobalSection
	GlobalSection(ExtensibilityGlobals) = postSolution
		SolutionGuid = {9A465915-EF9F-404C-8813-5B124382C4DB}
	EndGlobalSection
EndGlobal
